
Microsoft Visual Studio Solution File, Format Version 12.00
# Visual Studio Version 16
VisualStudioVersion = 16.0.31129.286
MinimumVisualStudioVersion = 10.0.40219.1
Project("{FAE04EC0-301F-11D3-BF4B-00C04F79EFBC}") = "Bilgi Sistemleri ve Güvenliği 1.Hafta", "Bilgi Sistemleri ve Güvenliği 1.Hafta\Bilgi Sistemleri ve Güvenliği 1.Hafta.csproj", "{4F78C18A-1B30-45DD-BA0C-E6320167CD6A}"
EndProject
Project("{FAE04EC0-301F-11D3-BF4B-00C04F79EFBC}") = "WebApp", "WebApp\WebApp.csproj", "{C2A02587-9FDD-48C9-909F-D5902EC0256F}"
EndProject
Global
	GlobalSection(SolutionConfigurationPlatforms) = preSolution
		Debug|Any CPU = Debug|Any CPU
		Release|Any CPU = Release|Any CPU
	EndGlobalSection
	GlobalSection(ProjectConfigurationPlatforms) = postSolution
		{4F78C18A-1B30-45DD-BA0C-E6320167CD6A}.Debug|Any CPU.ActiveCfg = Debug|Any CPU
		{4F78C18A-1B30-45DD-BA0C-E6320167CD6A}.Debug|Any CPU.Build.0 = Debug|Any CPU
		{4F78C18A-1B30-45DD-BA0C-E6320167CD6A}.Release|Any CPU.ActiveCfg = Release|Any CPU
		{4F78C18A-1B30-45DD-BA0C-E6320167CD6A}.Release|Any CPU.Build.0 = Release|Any CPU
		{C2A02587-9FDD-48C9-909F-D5902EC0256F}.Debug|Any CPU.ActiveCfg = Debug|Any CPU
		{C2A02587-9FDD-48C9-909F-D5902EC0256F}.Debug|Any CPU.Build.0 = Debug|Any CPU
		{C2A02587-9FDD-48C9-909F-D5902EC0256F}.Release|Any CPU.ActiveCfg = Release|Any CPU
		{C2A02587-9FDD-48C9-909F-D5902EC0256F}.Release|Any CPU.Build.0 = Release|Any CPU
	EndGlobalSection
	GlobalSection(SolutionProperties) = preSolution
		HideSolutionNode = FALSE
	EndGlobalSection
	GlobalSection(ExtensibilityGlobals) = postSolution
		SolutionGuid = {9F98371B-0935-4893-9D2A-858BDA8D6D62}
	EndGlobalSection
EndGlobal
